// !$*UTF8*$!
{
	archiveVersion = 1;
	classes = {
	};
	objectVersion = 56;
	objects = {

/* Begin PBXBuildFile section */
		940285F82A050ABF00CC217B /* CategoryDetailsViewCell.swift in Sources */ = {isa = PBXBuildFile; fileRef = 940285F72A050ABF00CC217B /* CategoryDetailsViewCell.swift */; };
		9434225929FBE1D10084D3D3 /* AppDelegate.swift in Sources */ = {isa = PBXBuildFile; fileRef = 9434225829FBE1D10084D3D3 /* AppDelegate.swift */; };
		9434225B29FBE1D10084D3D3 /* SceneDelegate.swift in Sources */ = {isa = PBXBuildFile; fileRef = 9434225A29FBE1D10084D3D3 /* SceneDelegate.swift */; };
		9434226029FBE1D10084D3D3 /* Main.storyboard in Resources */ = {isa = PBXBuildFile; fileRef = 9434225E29FBE1D10084D3D3 /* Main.storyboard */; };
		9434226229FBE1D20084D3D3 /* Assets.xcassets in Resources */ = {isa = PBXBuildFile; fileRef = 9434226129FBE1D20084D3D3 /* Assets.xcassets */; };
		9434226529FBE1D20084D3D3 /* LaunchScreen.storyboard in Resources */ = {isa = PBXBuildFile; fileRef = 9434226329FBE1D20084D3D3 /* LaunchScreen.storyboard */; };
		9434227429FBE74C0084D3D3 /* Categories.storyboard in Resources */ = {isa = PBXBuildFile; fileRef = 9434227329FBE74C0084D3D3 /* Categories.storyboard */; };
		9434227929FBEA180084D3D3 /* MainViewController.swift in Sources */ = {isa = PBXBuildFile; fileRef = 9434227829FBEA170084D3D3 /* MainViewController.swift */; };
		9434227B29FBEA560084D3D3 /* CategoriesViewController.swift in Sources */ = {isa = PBXBuildFile; fileRef = 9434227A29FBEA560084D3D3 /* CategoriesViewController.swift */; };
		9434227F29FBEAFA0084D3D3 /* Home.storyboard in Resources */ = {isa = PBXBuildFile; fileRef = 9434227E29FBEAFA0084D3D3 /* Home.storyboard */; };
		9434228129FBEB030084D3D3 /* HomeViewController.swift in Sources */ = {isa = PBXBuildFile; fileRef = 9434228029FBEB030084D3D3 /* HomeViewController.swift */; };
		9434228429FBF2750084D3D3 /* FtuxViewController.swift in Sources */ = {isa = PBXBuildFile; fileRef = 9434228329FBF2750084D3D3 /* FtuxViewController.swift */; };
		9434228629FBF27E0084D3D3 /* Ftux.storyboard in Resources */ = {isa = PBXBuildFile; fileRef = 9434228529FBF27E0084D3D3 /* Ftux.storyboard */; };
		9434228829FC1CC20084D3D3 /* HomeViewCell.swift in Sources */ = {isa = PBXBuildFile; fileRef = 9434228729FC1CC20084D3D3 /* HomeViewCell.swift */; };
		9434228C29FC256E0084D3D3 /* APIService.swift in Sources */ = {isa = PBXBuildFile; fileRef = 9434228B29FC256E0084D3D3 /* APIService.swift */; };
		94B52C742A0288C000A8AA2A /* CategoriesViewCell.swift in Sources */ = {isa = PBXBuildFile; fileRef = 94B52C732A0288C000A8AA2A /* CategoriesViewCell.swift */; };
		94B52C772A02A56C00A8AA2A /* CategoryListViewController.swift in Sources */ = {isa = PBXBuildFile; fileRef = 94B52C762A02A56C00A8AA2A /* CategoryListViewController.swift */; };
		94B52C792A02A5BF00A8AA2A /* CategoryListViewCell.swift in Sources */ = {isa = PBXBuildFile; fileRef = 94B52C782A02A5BF00A8AA2A /* CategoryListViewCell.swift */; };
		94B52C7B2A02BEF500A8AA2A /* CategoryDetailViewController.swift in Sources */ = {isa = PBXBuildFile; fileRef = 94B52C7A2A02BEF500A8AA2A /* CategoryDetailViewController.swift */; };
		94DEDDB72A00F795000AD38B /* ErrorResponse.swift in Sources */ = {isa = PBXBuildFile; fileRef = 94DEDDB62A00F795000AD38B /* ErrorResponse.swift */; };
		94DEDDB92A00F806000AD38B /* Business.swift in Sources */ = {isa = PBXBuildFile; fileRef = 94DEDDB82A00F806000AD38B /* Business.swift */; };
		94DEDDC12A01050B000AD38B /* Category.swift in Sources */ = {isa = PBXBuildFile; fileRef = 94DEDDC02A01050B000AD38B /* Category.swift */; };
		94DEDDC42A010EBF000AD38B /* ViewExtensions.swift in Sources */ = {isa = PBXBuildFile; fileRef = 94DEDDC32A010EBF000AD38B /* ViewExtensions.swift */; };
		94E95F5C29FEBA23004B35A8 /* DetailsViewController.swift in Sources */ = {isa = PBXBuildFile; fileRef = 94E95F5B29FEBA23004B35A8 /* DetailsViewController.swift */; };
		E2D76C8EACD32BFE275D6F2A /* Pods_EnamduaBusiness.framework in Frameworks */ = {isa = PBXBuildFile; fileRef = FD70EB5E721161EF4121E551 /* Pods_EnamduaBusiness.framework */; };
/* End PBXBuildFile section */

/* Begin PBXFileReference section */
		3ED60AF9DE502840DF886B25 /* Pods-EnamduaBusiness.release.xcconfig */ = {isa = PBXFileReference; includeInIndex = 1; lastKnownFileType = text.xcconfig; name = "Pods-EnamduaBusiness.release.xcconfig"; path = "Target Support Files/Pods-EnamduaBusiness/Pods-EnamduaBusiness.release.xcconfig"; sourceTree = "<group>"; };
		5C758249A9CFACDB8F6DB741 /* Pods-EnamduaBusiness.debug.xcconfig */ = {isa = PBXFileReference; includeInIndex = 1; lastKnownFileType = text.xcconfig; name = "Pods-EnamduaBusiness.debug.xcconfig"; path = "Target Support Files/Pods-EnamduaBusiness/Pods-EnamduaBusiness.debug.xcconfig"; sourceTree = "<group>"; };
		940285F72A050ABF00CC217B /* CategoryDetailsViewCell.swift */ = {isa = PBXFileReference; lastKnownFileType = sourcecode.swift; path = CategoryDetailsViewCell.swift; sourceTree = "<group>"; };
		9434225529FBE1D10084D3D3 /* EnamduaBusiness.app */ = {isa = PBXFileReference; explicitFileType = wrapper.application; includeInIndex = 0; path = EnamduaBusiness.app; sourceTree = BUILT_PRODUCTS_DIR; };
		9434225829FBE1D10084D3D3 /* AppDelegate.swift */ = {isa = PBXFileReference; lastKnownFileType = sourcecode.swift; path = AppDelegate.swift; sourceTree = "<group>"; };
		9434225A29FBE1D10084D3D3 /* SceneDelegate.swift */ = {isa = PBXFileReference; lastKnownFileType = sourcecode.swift; path = SceneDelegate.swift; sourceTree = "<group>"; };
		9434225F29FBE1D10084D3D3 /* Base */ = {isa = PBXFileReference; lastKnownFileType = file.storyboard; name = Base; path = Base.lproj/Main.storyboard; sourceTree = "<group>"; };
		9434226129FBE1D20084D3D3 /* Assets.xcassets */ = {isa = PBXFileReference; lastKnownFileType = folder.assetcatalog; path = Assets.xcassets; sourceTree = "<group>"; };
		9434226429FBE1D20084D3D3 /* Base */ = {isa = PBXFileReference; lastKnownFileType = file.storyboard; name = Base; path = Base.lproj/LaunchScreen.storyboard; sourceTree = "<group>"; };
		9434226629FBE1D20084D3D3 /* Info.plist */ = {isa = PBXFileReference; lastKnownFileType = text.plist.xml; path = Info.plist; sourceTree = "<group>"; };
		9434227329FBE74C0084D3D3 /* Categories.storyboard */ = {isa = PBXFileReference; lastKnownFileType = file.storyboard; path = Categories.storyboard; sourceTree = "<group>"; };
		9434227829FBEA170084D3D3 /* MainViewController.swift */ = {isa = PBXFileReference; lastKnownFileType = sourcecode.swift; path = MainViewController.swift; sourceTree = "<group>"; };
		9434227A29FBEA560084D3D3 /* CategoriesViewController.swift */ = {isa = PBXFileReference; lastKnownFileType = sourcecode.swift; path = CategoriesViewController.swift; sourceTree = "<group>"; };
		9434227E29FBEAFA0084D3D3 /* Home.storyboard */ = {isa = PBXFileReference; lastKnownFileType = file.storyboard; path = Home.storyboard; sourceTree = "<group>"; };
		9434228029FBEB030084D3D3 /* HomeViewController.swift */ = {isa = PBXFileReference; lastKnownFileType = sourcecode.swift; path = HomeViewController.swift; sourceTree = "<group>"; };
		9434228329FBF2750084D3D3 /* FtuxViewController.swift */ = {isa = PBXFileReference; lastKnownFileType = sourcecode.swift; path = FtuxViewController.swift; sourceTree = "<group>"; };
		9434228529FBF27E0084D3D3 /* Ftux.storyboard */ = {isa = PBXFileReference; lastKnownFileType = file.storyboard; path = Ftux.storyboard; sourceTree = "<group>"; };
		9434228729FC1CC20084D3D3 /* HomeViewCell.swift */ = {isa = PBXFileReference; lastKnownFileType = sourcecode.swift; path = HomeViewCell.swift; sourceTree = "<group>"; };
		9434228B29FC256E0084D3D3 /* APIService.swift */ = {isa = PBXFileReference; lastKnownFileType = sourcecode.swift; path = APIService.swift; sourceTree = "<group>"; };
		94B52C732A0288C000A8AA2A /* CategoriesViewCell.swift */ = {isa = PBXFileReference; lastKnownFileType = sourcecode.swift; path = CategoriesViewCell.swift; sourceTree = "<group>"; };
		94B52C762A02A56C00A8AA2A /* CategoryListViewController.swift */ = {isa = PBXFileReference; lastKnownFileType = sourcecode.swift; path = CategoryListViewController.swift; sourceTree = "<group>"; };
		94B52C782A02A5BF00A8AA2A /* CategoryListViewCell.swift */ = {isa = PBXFileReference; lastKnownFileType = sourcecode.swift; path = CategoryListViewCell.swift; sourceTree = "<group>"; };
		94B52C7A2A02BEF500A8AA2A /* CategoryDetailViewController.swift */ = {isa = PBXFileReference; lastKnownFileType = sourcecode.swift; path = CategoryDetailViewController.swift; sourceTree = "<group>"; };
		94DEDDB62A00F795000AD38B /* ErrorResponse.swift */ = {isa = PBXFileReference; lastKnownFileType = sourcecode.swift; path = ErrorResponse.swift; sourceTree = "<group>"; };
		94DEDDB82A00F806000AD38B /* Business.swift */ = {isa = PBXFileReference; lastKnownFileType = sourcecode.swift; path = Business.swift; sourceTree = "<group>"; };
		94DEDDC02A01050B000AD38B /* Category.swift */ = {isa = PBXFileReference; lastKnownFileType = sourcecode.swift; path = Category.swift; sourceTree = "<group>"; };
		94DEDDC32A010EBF000AD38B /* ViewExtensions.swift */ = {isa = PBXFileReference; lastKnownFileType = sourcecode.swift; path = ViewExtensions.swift; sourceTree = "<group>"; };
		94E95F5B29FEBA23004B35A8 /* DetailsViewController.swift */ = {isa = PBXFileReference; lastKnownFileType = sourcecode.swift; path = DetailsViewController.swift; sourceTree = "<group>"; };
		FD70EB5E721161EF4121E551 /* Pods_EnamduaBusiness.framework */ = {isa = PBXFileReference; explicitFileType = wrapper.framework; includeInIndex = 0; path = Pods_EnamduaBusiness.framework; sourceTree = BUILT_PRODUCTS_DIR; };
/* End PBXFileReference section */

/* Begin PBXFrameworksBuildPhase section */
		9434225229FBE1D10084D3D3 /* Frameworks */ = {
			isa = PBXFrameworksBuildPhase;
			buildActionMask = 2147483647;
			files = (
				E2D76C8EACD32BFE275D6F2A /* Pods_EnamduaBusiness.framework in Frameworks */,
			);
			runOnlyForDeploymentPostprocessing = 0;
		};
/* End PBXFrameworksBuildPhase section */

/* Begin PBXGroup section */
		43AE0198980205BF4F84C8FE /* Frameworks */ = {
			isa = PBXGroup;
			children = (
				FD70EB5E721161EF4121E551 /* Pods_EnamduaBusiness.framework */,
			);
			name = Frameworks;
			sourceTree = "<group>";
		};
		9434224C29FBE1D10084D3D3 = {
			isa = PBXGroup;
			children = (
				9434225729FBE1D10084D3D3 /* EnamduaBusiness */,
				9434225629FBE1D10084D3D3 /* Products */,
				9776D528FE613CAE3E46130D /* Pods */,
				43AE0198980205BF4F84C8FE /* Frameworks */,
			);
			sourceTree = "<group>";
		};
		9434225629FBE1D10084D3D3 /* Products */ = {
			isa = PBXGroup;
			children = (
				9434225529FBE1D10084D3D3 /* EnamduaBusiness.app */,
			);
			name = Products;
			sourceTree = "<group>";
		};
		9434225729FBE1D10084D3D3 /* EnamduaBusiness */ = {
			isa = PBXGroup;
			children = (
				9434225829FBE1D10084D3D3 /* AppDelegate.swift */,
				9434225A29FBE1D10084D3D3 /* SceneDelegate.swift */,
				94DEDDC22A010EAB000AD38B /* Extensions */,
				9434226F29FBE70C0084D3D3 /* API */,
				9434226E29FBE7050084D3D3 /* Models */,
				9434226C29FBE6F80084D3D3 /* Modules */,
				9434226129FBE1D20084D3D3 /* Assets.xcassets */,
				9434226329FBE1D20084D3D3 /* LaunchScreen.storyboard */,
				9434226629FBE1D20084D3D3 /* Info.plist */,
			);
			path = EnamduaBusiness;
			sourceTree = "<group>";
		};
		9434226C29FBE6F80084D3D3 /* Modules */ = {
			isa = PBXGroup;
			children = (
				9434227729FBE9E60084D3D3 /* Main */,
				9434227129FBE7210084D3D3 /* Category */,
				9434227029FBE7190084D3D3 /* Home */,
				9434228229FBF2650084D3D3 /* Ftux */,
			);
			path = Modules;
			sourceTree = "<group>";
		};
		9434226E29FBE7050084D3D3 /* Models */ = {
			isa = PBXGroup;
			children = (
				94DEDDB82A00F806000AD38B /* Business.swift */,
				94DEDDC02A01050B000AD38B /* Category.swift */,
			);
			path = Models;
			sourceTree = "<group>";
		};
		9434226F29FBE70C0084D3D3 /* API */ = {
			isa = PBXGroup;
			children = (
				94DEDDB62A00F795000AD38B /* ErrorResponse.swift */,
				9434228B29FC256E0084D3D3 /* APIService.swift */,
			);
			path = API;
			sourceTree = "<group>";
		};
		9434227029FBE7190084D3D3 /* Home */ = {
			isa = PBXGroup;
			children = (
				9434227E29FBEAFA0084D3D3 /* Home.storyboard */,
				9434228029FBEB030084D3D3 /* HomeViewController.swift */,
				9434228729FC1CC20084D3D3 /* HomeViewCell.swift */,
				94E95F5B29FEBA23004B35A8 /* DetailsViewController.swift */,
			);
			path = Home;
			sourceTree = "<group>";
		};
		9434227129FBE7210084D3D3 /* Category */ = {
			isa = PBXGroup;
			children = (
				9434227329FBE74C0084D3D3 /* Categories.storyboard */,
				9434227A29FBEA560084D3D3 /* CategoriesViewController.swift */,
				94B52C732A0288C000A8AA2A /* CategoriesViewCell.swift */,
				94B52C762A02A56C00A8AA2A /* CategoryListViewController.swift */,
				94B52C782A02A5BF00A8AA2A /* CategoryListViewCell.swift */,
				94B52C7A2A02BEF500A8AA2A /* CategoryDetailViewController.swift */,
				940285F72A050ABF00CC217B /* CategoryDetailsViewCell.swift */,
			);
			path = Category;
			sourceTree = "<group>";
		};
		9434227729FBE9E60084D3D3 /* Main */ = {
			isa = PBXGroup;
			children = (
				9434225E29FBE1D10084D3D3 /* Main.storyboard */,
				9434227829FBEA170084D3D3 /* MainViewController.swift */,
			);
			path = Main;
			sourceTree = "<group>";
		};
		9434228229FBF2650084D3D3 /* Ftux */ = {
			isa = PBXGroup;
			children = (
				9434228529FBF27E0084D3D3 /* Ftux.storyboard */,
				9434228329FBF2750084D3D3 /* FtuxViewController.swift */,
			);
			path = Ftux;
			sourceTree = "<group>";
		};
		94DEDDC22A010EAB000AD38B /* Extensions */ = {
			isa = PBXGroup;
			children = (
				94DEDDC32A010EBF000AD38B /* ViewExtensions.swift */,
			);
			path = Extensions;
			sourceTree = "<group>";
		};
		9776D528FE613CAE3E46130D /* Pods */ = {
			isa = PBXGroup;
			children = (
				5C758249A9CFACDB8F6DB741 /* Pods-EnamduaBusiness.debug.xcconfig */,
				3ED60AF9DE502840DF886B25 /* Pods-EnamduaBusiness.release.xcconfig */,
			);
			name = Pods;
			path = Pods;
			sourceTree = "<group>";
		};
/* End PBXGroup section */

/* Begin PBXNativeTarget section */
		9434225429FBE1D10084D3D3 /* EnamduaBusiness */ = {
			isa = PBXNativeTarget;
			buildConfigurationList = 9434226929FBE1D20084D3D3 /* Build configuration list for PBXNativeTarget "EnamduaBusiness" */;
			buildPhases = (
				C273244A7784BAEB699AE237 /* [CP] Check Pods Manifest.lock */,
				9434225129FBE1D10084D3D3 /* Sources */,
				9434225229FBE1D10084D3D3 /* Frameworks */,
				9434225329FBE1D10084D3D3 /* Resources */,
			);
			buildRules = (
			);
			dependencies = (
			);
			name = EnamduaBusiness;
			productName = EnamduaBusiness;
			productReference = 9434225529FBE1D10084D3D3 /* EnamduaBusiness.app */;
			productType = "com.apple.product-type.application";
		};
/* End PBXNativeTarget section */

/* Begin PBXProject section */
		9434224D29FBE1D10084D3D3 /* Project object */ = {
			isa = PBXProject;
			attributes = {
				BuildIndependentTargetsInParallel = 1;
				LastSwiftUpdateCheck = 1430;
				LastUpgradeCheck = 1430;
				TargetAttributes = {
					9434225429FBE1D10084D3D3 = {
						CreatedOnToolsVersion = 14.3;
					};
				};
			};
			buildConfigurationList = 9434225029FBE1D10084D3D3 /* Build configuration list for PBXProject "EnamduaBusiness" */;
			compatibilityVersion = "Xcode 14.0";
			developmentRegion = en;
			hasScannedForEncodings = 0;
			knownRegions = (
				en,
				Base,
			);
			mainGroup = 9434224C29FBE1D10084D3D3;
			productRefGroup = 9434225629FBE1D10084D3D3 /* Products */;
			projectDirPath = "";
			projectRoot = "";
			targets = (
				9434225429FBE1D10084D3D3 /* EnamduaBusiness */,
			);
		};
/* End PBXProject section */

/* Begin PBXResourcesBuildPhase section */
		9434225329FBE1D10084D3D3 /* Resources */ = {
			isa = PBXResourcesBuildPhase;
			buildActionMask = 2147483647;
			files = (
				9434226529FBE1D20084D3D3 /* LaunchScreen.storyboard in Resources */,
				9434226229FBE1D20084D3D3 /* Assets.xcassets in Resources */,
				9434227F29FBEAFA0084D3D3 /* Home.storyboard in Resources */,
				9434228629FBF27E0084D3D3 /* Ftux.storyboard in Resources */,
				9434227429FBE74C0084D3D3 /* Categories.storyboard in Resources */,
				9434226029FBE1D10084D3D3 /* Main.storyboard in Resources */,
			);
			runOnlyForDeploymentPostprocessing = 0;
		};
/* End PBXResourcesBuildPhase section */

/* Begin PBXShellScriptBuildPhase section */
		C273244A7784BAEB699AE237 /* [CP] Check Pods Manifest.lock */ = {
			isa = PBXShellScriptBuildPhase;
			buildActionMask = 2147483647;
			files = (
			);
			inputFileListPaths = (
			);
			inputPaths = (
				"${PODS_PODFILE_DIR_PATH}/Podfile.lock",
				"${PODS_ROOT}/Manifest.lock",
			);
			name = "[CP] Check Pods Manifest.lock";
			outputFileListPaths = (
			);
			outputPaths = (
				"$(DERIVED_FILE_DIR)/Pods-EnamduaBusiness-checkManifestLockResult.txt",
			);
			runOnlyForDeploymentPostprocessing = 0;
			shellPath = /bin/sh;
			shellScript = "diff \"${PODS_PODFILE_DIR_PATH}/Podfile.lock\" \"${PODS_ROOT}/Manifest.lock\" > /dev/null\nif [ $? != 0 ] ; then\n    # print error to STDERR\n    echo \"error: The sandbox is not in sync with the Podfile.lock. Run 'pod install' or update your CocoaPods installation.\" >&2\n    exit 1\nfi\n# This output is used by Xcode 'outputs' to avoid re-running this script phase.\necho \"SUCCESS\" > \"${SCRIPT_OUTPUT_FILE_0}\"\n";
			showEnvVarsInLog = 0;
		};
/* End PBXShellScriptBuildPhase section */

/* Begin PBXSourcesBuildPhase section */
		9434225129FBE1D10084D3D3 /* Sources */ = {
			isa = PBXSourcesBuildPhase;
			buildActionMask = 2147483647;
			files = (
				9434227929FBEA180084D3D3 /* MainViewController.swift in Sources */,
				9434228829FC1CC20084D3D3 /* HomeViewCell.swift in Sources */,
				9434225929FBE1D10084D3D3 /* AppDelegate.swift in Sources */,
				940285F82A050ABF00CC217B /* CategoryDetailsViewCell.swift in Sources */,
				94B52C7B2A02BEF500A8AA2A /* CategoryDetailViewController.swift in Sources */,
				94E95F5C29FEBA23004B35A8 /* DetailsViewController.swift in Sources */,
				9434227B29FBEA560084D3D3 /* CategoriesViewController.swift in Sources */,
				94B52C772A02A56C00A8AA2A /* CategoryListViewController.swift in Sources */,
				9434228C29FC256E0084D3D3 /* APIService.swift in Sources */,
				94DEDDB72A00F795000AD38B /* ErrorResponse.swift in Sources */,
				94DEDDC42A010EBF000AD38B /* ViewExtensions.swift in Sources */,
				9434225B29FBE1D10084D3D3 /* SceneDelegate.swift in Sources */,
				94B52C792A02A5BF00A8AA2A /* CategoryListViewCell.swift in Sources */,
				94DEDDB92A00F806000AD38B /* Business.swift in Sources */,
				9434228129FBEB030084D3D3 /* HomeViewController.swift in Sources */,
				9434228429FBF2750084D3D3 /* FtuxViewController.swift in Sources */,
				94B52C742A0288C000A8AA2A /* CategoriesViewCell.swift in Sources */,
				94DEDDC12A01050B000AD38B /* Category.swift in Sources */,
			);
			runOnlyForDeploymentPostprocessing = 0;
		};
/* End PBXSourcesBuildPhase section */

/* Begin PBXVariantGroup section */
		9434225E29FBE1D10084D3D3 /* Main.storyboard */ = {
			isa = PBXVariantGroup;
			children = (
				9434225F29FBE1D10084D3D3 /* Base */,
			);
			name = Main.storyboard;
			sourceTree = "<group>";
		};
		9434226329FBE1D20084D3D3 /* LaunchScreen.storyboard */ = {
			isa = PBXVariantGroup;
			children = (
				9434226429FBE1D20084D3D3 /* Base */,
			);
			name = LaunchScreen.storyboard;
			sourceTree = "<group>";
		};
/* End PBXVariantGroup section */

/* Begin XCBuildConfiguration section */
		9434226729FBE1D20084D3D3 /* Debug */ = {
			isa = XCBuildConfiguration;
			buildSettings = {
				ALWAYS_SEARCH_USER_PATHS = NO;
				CLANG_ANALYZER_NONNULL = YES;
				CLANG_ANALYZER_NUMBER_OBJECT_CONVERSION = YES_AGGRESSIVE;
				CLANG_CXX_LANGUAGE_STANDARD = "gnu++20";
				CLANG_ENABLE_MODULES = YES;
				CLANG_ENABLE_OBJC_ARC = YES;
				CLANG_ENABLE_OBJC_WEAK = YES;
				CLANG_WARN_BLOCK_CAPTURE_AUTORELEASING = YES;
				CLANG_WARN_BOOL_CONVERSION = YES;
				CLANG_WARN_COMMA = YES;
				CLANG_WARN_CONSTANT_CONVERSION = YES;
				CLANG_WARN_DEPRECATED_OBJC_IMPLEMENTATIONS = YES;
				CLANG_WARN_DIRECT_OBJC_ISA_USAGE = YES_ERROR;
				CLANG_WARN_DOCUMENTATION_COMMENTS = YES;
				CLANG_WARN_EMPTY_BODY = YES;
				CLANG_WARN_ENUM_CONVERSION = YES;
				CLANG_WARN_INFINITE_RECURSION = YES;
				CLANG_WARN_INT_CONVERSION = YES;
				CLANG_WARN_NON_LITERAL_NULL_CONVERSION = YES;
				CLANG_WARN_OBJC_IMPLICIT_RETAIN_SELF = YES;
				CLANG_WARN_OBJC_LITERAL_CONVERSION = YES;
				CLANG_WARN_OBJC_ROOT_CLASS = YES_ERROR;
				CLANG_WARN_QUOTED_INCLUDE_IN_FRAMEWORK_HEADER = YES;
				CLANG_WARN_RANGE_LOOP_ANALYSIS = YES;
				CLANG_WARN_STRICT_PROTOTYPES = YES;
				CLANG_WARN_SUSPICIOUS_MOVE = YES;
				CLANG_WARN_UNGUARDED_AVAILABILITY = YES_AGGRESSIVE;
				CLANG_WARN_UNREACHABLE_CODE = YES;
				CLANG_WARN__DUPLICATE_METHOD_MATCH = YES;
				COPY_PHASE_STRIP = NO;
				DEBUG_INFORMATION_FORMAT = dwarf;
				ENABLE_STRICT_OBJC_MSGSEND = YES;
				ENABLE_TESTABILITY = YES;
				GCC_C_LANGUAGE_STANDARD = gnu11;
				GCC_DYNAMIC_NO_PIC = NO;
				GCC_NO_COMMON_BLOCKS = YES;
				GCC_OPTIMIZATION_LEVEL = 0;
				GCC_PREPROCESSOR_DEFINITIONS = (
					"DEBUG=1",
					"$(inherited)",
				);
				GCC_WARN_64_TO_32_BIT_CONVERSION = YES;
				GCC_WARN_ABOUT_RETURN_TYPE = YES_ERROR;
				GCC_WARN_UNDECLARED_SELECTOR = YES;
				GCC_WARN_UNINITIALIZED_AUTOS = YES_AGGRESSIVE;
				GCC_WARN_UNUSED_FUNCTION = YES;
				GCC_WARN_UNUSED_VARIABLE = YES;
				IPHONEOS_DEPLOYMENT_TARGET = 16.4;
				MTL_ENABLE_DEBUG_INFO = INCLUDE_SOURCE;
				MTL_FAST_MATH = YES;
				ONLY_ACTIVE_ARCH = YES;
				SDKROOT = iphoneos;
				SWIFT_ACTIVE_COMPILATION_CONDITIONS = DEBUG;
				SWIFT_OPTIMIZATION_LEVEL = "-Onone";
			};
			name = Debug;
		};
		9434226829FBE1D20084D3D3 /* Release */ = {
			isa = XCBuildConfiguration;
			buildSettings = {
				ALWAYS_SEARCH_USER_PATHS = NO;
				CLANG_ANALYZER_NONNULL = YES;
				CLANG_ANALYZER_NUMBER_OBJECT_CONVERSION = YES_AGGRESSIVE;
				CLANG_CXX_LANGUAGE_STANDARD = "gnu++20";
				CLANG_ENABLE_MODULES = YES;
				CLANG_ENABLE_OBJC_ARC = YES;
				CLANG_ENABLE_OBJC_WEAK = YES;
				CLANG_WARN_BLOCK_CAPTURE_AUTORELEASING = YES;
				CLANG_WARN_BOOL_CONVERSION = YES;
				CLANG_WARN_COMMA = YES;
				CLANG_WARN_CONSTANT_CONVERSION = YES;
				CLANG_WARN_DEPRECATED_OBJC_IMPLEMENTATIONS = YES;
				CLANG_WARN_DIRECT_OBJC_ISA_USAGE = YES_ERROR;
				CLANG_WARN_DOCUMENTATION_COMMENTS = YES;
				CLANG_WARN_EMPTY_BODY = YES;
				CLANG_WARN_ENUM_CONVERSION = YES;
				CLANG_WARN_INFINITE_RECURSION = YES;
				CLANG_WARN_INT_CONVERSION = YES;
				CLANG_WARN_NON_LITERAL_NULL_CONVERSION = YES;
				CLANG_WARN_OBJC_IMPLICIT_RETAIN_SELF = YES;
				CLANG_WARN_OBJC_LITERAL_CONVERSION = YES;
				CLANG_WARN_OBJC_ROOT_CLASS = YES_ERROR;
				CLANG_WARN_QUOTED_INCLUDE_IN_FRAMEWORK_HEADER = YES;
				CLANG_WARN_RANGE_LOOP_ANALYSIS = YES;
				CLANG_WARN_STRICT_PROTOTYPES = YES;
				CLANG_WARN_SUSPICIOUS_MOVE = YES;
				CLANG_WARN_UNGUARDED_AVAILABILITY = YES_AGGRESSIVE;
				CLANG_WARN_UNREACHABLE_CODE = YES;
				CLANG_WARN__DUPLICATE_METHOD_MATCH = YES;
				COPY_PHASE_STRIP = NO;
				DEBUG_INFORMATION_FORMAT = "dwarf-with-dsym";
				ENABLE_NS_ASSERTIONS = NO;
				ENABLE_STRICT_OBJC_MSGSEND = YES;
				GCC_C_LANGUAGE_STANDARD = gnu11;
				GCC_NO_COMMON_BLOCKS = YES;
				GCC_WARN_64_TO_32_BIT_CONVERSION = YES;
				GCC_WARN_ABOUT_RETURN_TYPE = YES_ERROR;
				GCC_WARN_UNDECLARED_SELECTOR = YES;
				GCC_WARN_UNINITIALIZED_AUTOS = YES_AGGRESSIVE;
				GCC_WARN_UNUSED_FUNCTION = YES;
				GCC_WARN_UNUSED_VARIABLE = YES;
				IPHONEOS_DEPLOYMENT_TARGET = 16.4;
				MTL_ENABLE_DEBUG_INFO = NO;
				MTL_FAST_MATH = YES;
				SDKROOT = iphoneos;
				SWIFT_COMPILATION_MODE = wholemodule;
				SWIFT_OPTIMIZATION_LEVEL = "-O";
				VALIDATE_PRODUCT = YES;
			};
			name = Release;
		};
		9434226A29FBE1D20084D3D3 /* Debug */ = {
			isa = XCBuildConfiguration;
			baseConfigurationReference = 5C758249A9CFACDB8F6DB741 /* Pods-EnamduaBusiness.debug.xcconfig */;
			buildSettings = {
				ASSETCATALOG_COMPILER_APPICON_NAME = AppIcon;
				ASSETCATALOG_COMPILER_GLOBAL_ACCENT_COLOR_NAME = AccentColor;
				CODE_SIGN_STYLE = Automatic;
				CURRENT_PROJECT_VERSION = 1;
				DEVELOPMENT_TEAM = 59BS9RNX2H;
				GENERATE_INFOPLIST_FILE = YES;
				INFOPLIST_FILE = EnamduaBusiness/Info.plist;
				INFOPLIST_KEY_UIApplicationSupportsIndirectInputEvents = YES;
				INFOPLIST_KEY_UILaunchStoryboardName = LaunchScreen;
				INFOPLIST_KEY_UIMainStoryboardFile = Ftux;
				INFOPLIST_KEY_UISupportedInterfaceOrientations_iPad = "UIInterfaceOrientationPortrait UIInterfaceOrientationPortraitUpsideDown UIInterfaceOrientationLandscapeLeft UIInterfaceOrientationLandscapeRight";
				INFOPLIST_KEY_UISupportedInterfaceOrientations_iPhone = "UIInterfaceOrientationPortrait UIInterfaceOrientationLandscapeLeft UIInterfaceOrientationLandscapeRight";
				IPHONEOS_DEPLOYMENT_TARGET = 12.0;
				LD_RUNPATH_SEARCH_PATHS = (
					"$(inherited)",
					"@executable_path/Frameworks",
				);
				MARKETING_VERSION = 1.0;
				PRODUCT_BUNDLE_IDENTIFIER = com.tiaranh.EnamduaBusiness;
				PRODUCT_NAME = "$(TARGET_NAME)";
				SUPPORTED_PLATFORMS = "iphoneos iphonesimulator";
				SUPPORTS_MACCATALYST = NO;
				SUPPORTS_MAC_DESIGNED_FOR_IPHONE_IPAD = NO;
				SWIFT_EMIT_LOC_STRINGS = YES;
				SWIFT_VERSION = 5.0;
				TARGETED_DEVICE_FAMILY = 1;
			};
			name = Debug;
		};
		9434226B29FBE1D20084D3D3 /* Release */ = {
			isa = XCBuildConfiguration;
			baseConfigurationReference = 3ED60AF9DE502840DF886B25 /* Pods-EnamduaBusiness.release.xcconfig */;
			buildSettings = {
				ASSETCATALOG_COMPILER_APPICON_NAME = AppIcon;
				ASSETCATALOG_COMPILER_GLOBAL_ACCENT_COLOR_NAME = AccentColor;
				CODE_SIGN_STYLE = Automatic;
				CURRENT_PROJECT_VERSION = 1;
				DEVELOPMENT_TEAM = 59BS9RNX2H;
				GENERATE_INFOPLIST_FILE = YES;
				INFOPLIST_FILE = EnamduaBusiness/Info.plist;
				INFOPLIST_KEY_UIApplicationSupportsIndirectInputEvents = YES;
				INFOPLIST_KEY_UILaunchStoryboardName = LaunchScreen;
				INFOPLIST_KEY_UIMainStoryboardFile = Ftux;
				INFOPLIST_KEY_UISupportedInterfaceOrientations_iPad = "UIInterfaceOrientationPortrait UIInterfaceOrientationPortraitUpsideDown UIInterfaceOrientationLandscapeLeft UIInterfaceOrientationLandscapeRight";
				INFOPLIST_KEY_UISupportedInterfaceOrientations_iPhone = "UIInterfaceOrientationPortrait UIInterfaceOrientationLandscapeLeft UIInterfaceOrientationLandscapeRight";
				IPHONEOS_DEPLOYMENT_TARGET = 12.0;
				LD_RUNPATH_SEARCH_PATHS = (
					"$(inherited)",
					"@executable_path/Frameworks",
				);
				MARKETING_VERSION = 1.0;
				PRODUCT_BUNDLE_IDENTIFIER = com.tiaranh.EnamduaBusiness;
				PRODUCT_NAME = "$(TARGET_NAME)";
				SUPPORTED_PLATFORMS = "iphoneos iphonesimulator";
				SUPPORTS_MACCATALYST = NO;
				SUPPORTS_MAC_DESIGNED_FOR_IPHONE_IPAD = NO;
				SWIFT_EMIT_LOC_STRINGS = YES;
				SWIFT_VERSION = 5.0;
				TARGETED_DEVICE_FAMILY = 1;
			};
			name = Release;
		};
/* End XCBuildConfiguration section */

/* Begin XCConfigurationList section */
		9434225029FBE1D10084D3D3 /* Build configuration list for PBXProject "EnamduaBusiness" */ = {
			isa = XCConfigurationList;
			buildConfigurations = (
				9434226729FBE1D20084D3D3 /* Debug */,
				9434226829FBE1D20084D3D3 /* Release */,
			);
			defaultConfigurationIsVisible = 0;
			defaultConfigurationName = Release;
		};
		9434226929FBE1D20084D3D3 /* Build configuration list for PBXNativeTarget "EnamduaBusiness" */ = {
			isa = XCConfigurationList;
			buildConfigurations = (
				9434226A29FBE1D20084D3D3 /* Debug */,
				9434226B29FBE1D20084D3D3 /* Release */,
			);
			defaultConfigurationIsVisible = 0;
			defaultConfigurationName = Release;
		};
/* End XCConfigurationList section */
	};
	rootObject = 9434224D29FBE1D10084D3D3 /* Project object */;
}
